
Microsoft Visual Studio Solution File, Format Version 12.00
# Visual Studio Version 16
VisualStudioVersion = 16.0.32228.343
MinimumVisualStudioVersion = 10.0.40219.1
Project("{FAE04EC0-301F-11D3-BF4B-00C04F79EFBC}") = "AccesoDatos", "RemedialBiblioteca\AccesoDatos.csproj", "{8302D9B2-95FA-4D86-A82C-A10DEDCCB92A}"
EndProject
Project("{FAE04EC0-301F-11D3-BF4B-00C04F79EFBC}") = "Logica", "Logica\Logica.csproj", "{F34AEFDA-105A-4340-850A-7DB4BEE428DF}"
EndProject
Project("{FAE04EC0-301F-11D3-BF4B-00C04F79EFBC}") = "WebPresentacion", "WebPresentacion\WebPresentacion.csproj", "{03F35531-FD10-4D79-A665-CE63DFD9757B}"
EndProject
Global
	GlobalSection(SolutionConfigurationPlatforms) = preSolution
		Debug|Any CPU = Debug|Any CPU
		Release|Any CPU = Release|Any CPU
	EndGlobalSection
	GlobalSection(ProjectConfigurationPlatforms) = postSolution
		{8302D9B2-95FA-4D86-A82C-A10DEDCCB92A}.Debug|Any CPU.ActiveCfg = Debug|Any CPU
		{8302D9B2-95FA-4D86-A82C-A10DEDCCB92A}.Debug|Any CPU.Build.0 = Debug|Any CPU
		{8302D9B2-95FA-4D86-A82C-A10DEDCCB92A}.Release|Any CPU.ActiveCfg = Release|Any CPU
		{8302D9B2-95FA-4D86-A82C-A10DEDCCB92A}.Release|Any CPU.Build.0 = Release|Any CPU
		{F34AEFDA-105A-4340-850A-7DB4BEE428DF}.Debug|Any CPU.ActiveCfg = Debug|Any CPU
		{F34AEFDA-105A-4340-850A-7DB4BEE428DF}.Debug|Any CPU.Build.0 = Debug|Any CPU
		{F34AEFDA-105A-4340-850A-7DB4BEE428DF}.Release|Any CPU.ActiveCfg = Release|Any CPU
		{F34AEFDA-105A-4340-850A-7DB4BEE428DF}.Release|Any CPU.Build.0 = Release|Any CPU
		{03F35531-FD10-4D79-A665-CE63DFD9757B}.Debug|Any CPU.ActiveCfg = Debug|Any CPU
		{03F35531-FD10-4D79-A665-CE63DFD9757B}.Debug|Any CPU.Build.0 = Debug|Any CPU
		{03F35531-FD10-4D79-A665-CE63DFD9757B}.Release|Any CPU.ActiveCfg = Release|Any CPU
		{03F35531-FD10-4D79-A665-CE63DFD9757B}.Release|Any CPU.Build.0 = Release|Any CPU
	EndGlobalSection
	GlobalSection(SolutionProperties) = preSolution
		HideSolutionNode = FALSE
	EndGlobalSection
	GlobalSection(ExtensibilityGlobals) = postSolution
		SolutionGuid = {6BA9A9AF-E82B-491F-8A94-CF5CE3F8A184}
	EndGlobalSection
EndGlobal
